
Microsoft Visual Studio Solution File, Format Version 12.00
# Visual Studio 15
Project("{FAE04EC0-301F-11D3-BF4B-00C04F79EFBC}") = "Assembly-CSharp", "Assembly-CSharp.csproj", "{3728C7B1-934B-2ECE-AAA6-59CE59CFBB72}"
EndProject
Project("{FAE04EC0-301F-11D3-BF4B-00C04F79EFBC}") = "Assembly-CSharp-Editor", "Assembly-CSharp-Editor.csproj", "{D9E00A74-A4ED-4B4A-D6AF-EBD09421941A}"
EndProject
Global
	GlobalSection(SolutionConfigurationPlatforms) = preSolution
		Debug|Any CPU = Debug|Any CPU
		Release|Any CPU = Release|Any CPU
	EndGlobalSection
	GlobalSection(ProjectConfigurationPlatforms) = postSolution
		{3728C7B1-934B-2ECE-AAA6-59CE59CFBB72}.Debug|Any CPU.ActiveCfg = Debug|Any CPU
		{3728C7B1-934B-2ECE-AAA6-59CE59CFBB72}.Debug|Any CPU.Build.0 = Debug|Any CPU
		{3728C7B1-934B-2ECE-AAA6-59CE59CFBB72}.Release|Any CPU.ActiveCfg = Release|Any CPU
		{3728C7B1-934B-2ECE-AAA6-59CE59CFBB72}.Release|Any CPU.Build.0 = Release|Any CPU
		{D9E00A74-A4ED-4B4A-D6AF-EBD09421941A}.Debug|Any CPU.ActiveCfg = Debug|Any CPU
		{D9E00A74-A4ED-4B4A-D6AF-EBD09421941A}.Debug|Any CPU.Build.0 = Debug|Any CPU
		{D9E00A74-A4ED-4B4A-D6AF-EBD09421941A}.Release|Any CPU.ActiveCfg = Release|Any CPU
		{D9E00A74-A4ED-4B4A-D6AF-EBD09421941A}.Release|Any CPU.Build.0 = Release|Any CPU
	EndGlobalSection
	GlobalSection(SolutionProperties) = preSolution
		HideSolutionNode = FALSE
	EndGlobalSection
EndGlobal
